
Microsoft Visual Studio Solution File, Format Version 12.00
# Visual Studio Version 17
VisualStudioVersion = 17.6.33815.320
MinimumVisualStudioVersion = 10.0.40219.1
Project("{9A19103F-16F7-4668-BE54-9A1E7A4F7556}") = "MakyrWeb", "MakyrWeb\MakyrWeb.csproj", "{43C74EB6-6CF1-4325-8647-4162DF256D76}"
EndProject
Project("{FAE04EC0-301F-11D3-BF4B-00C04F79EFBC}") = "Makyr.DataAccess", "DataAccess\Makyr.DataAccess.csproj", "{EE808E0C-61A1-4EDC-B52C-C59A01962EF9}"
EndProject
Project("{FAE04EC0-301F-11D3-BF4B-00C04F79EFBC}") = "Makyr.Models", "Makyr.Models\Makyr.Models.csproj", "{F6BBF584-D35F-45CD-9F4C-9AD0161C9260}"
EndProject
Project("{FAE04EC0-301F-11D3-BF4B-00C04F79EFBC}") = "Makyr.Utility", "Makyr.Utility\Makyr.Utility.csproj", "{A60F6A17-6F4F-4E72-A68C-E18F25E9FAC2}"
EndProject
Global
	GlobalSection(SolutionConfigurationPlatforms) = preSolution
		Debug|Any CPU = Debug|Any CPU
		Release|Any CPU = Release|Any CPU
	EndGlobalSection
	GlobalSection(ProjectConfigurationPlatforms) = postSolution
		{43C74EB6-6CF1-4325-8647-4162DF256D76}.Debug|Any CPU.ActiveCfg = Debug|Any CPU
		{43C74EB6-6CF1-4325-8647-4162DF256D76}.Debug|Any CPU.Build.0 = Debug|Any CPU
		{43C74EB6-6CF1-4325-8647-4162DF256D76}.Release|Any CPU.ActiveCfg = Release|Any CPU
		{43C74EB6-6CF1-4325-8647-4162DF256D76}.Release|Any CPU.Build.0 = Release|Any CPU
		{EE808E0C-61A1-4EDC-B52C-C59A01962EF9}.Debug|Any CPU.ActiveCfg = Debug|Any CPU
		{EE808E0C-61A1-4EDC-B52C-C59A01962EF9}.Debug|Any CPU.Build.0 = Debug|Any CPU
		{EE808E0C-61A1-4EDC-B52C-C59A01962EF9}.Release|Any CPU.ActiveCfg = Release|Any CPU
		{EE808E0C-61A1-4EDC-B52C-C59A01962EF9}.Release|Any CPU.Build.0 = Release|Any CPU
		{F6BBF584-D35F-45CD-9F4C-9AD0161C9260}.Debug|Any CPU.ActiveCfg = Debug|Any CPU
		{F6BBF584-D35F-45CD-9F4C-9AD0161C9260}.Debug|Any CPU.Build.0 = Debug|Any CPU
		{F6BBF584-D35F-45CD-9F4C-9AD0161C9260}.Release|Any CPU.ActiveCfg = Release|Any CPU
		{F6BBF584-D35F-45CD-9F4C-9AD0161C9260}.Release|Any CPU.Build.0 = Release|Any CPU
		{A60F6A17-6F4F-4E72-A68C-E18F25E9FAC2}.Debug|Any CPU.ActiveCfg = Debug|Any CPU
		{A60F6A17-6F4F-4E72-A68C-E18F25E9FAC2}.Debug|Any CPU.Build.0 = Debug|Any CPU
		{A60F6A17-6F4F-4E72-A68C-E18F25E9FAC2}.Release|Any CPU.ActiveCfg = Release|Any CPU
		{A60F6A17-6F4F-4E72-A68C-E18F25E9FAC2}.Release|Any CPU.Build.0 = Release|Any CPU
	EndGlobalSection
	GlobalSection(SolutionProperties) = preSolution
		HideSolutionNode = FALSE
	EndGlobalSection
	GlobalSection(ExtensibilityGlobals) = postSolution
		SolutionGuid = {9C30947D-8302-44ED-81C3-D89671565873}
	EndGlobalSection
EndGlobal
